// !$*UTF8*$!
{
	archiveVersion = 1;
	classes = {
	};
	objectVersion = 46;
	objects = {

/* Begin PBXBuildFile section */
		52E236111A6EE902008AF234 /* AppDelegate.swift in Sources */ = {isa = PBXBuildFile; fileRef = 52E236101A6EE902008AF234 /* AppDelegate.swift */; };
		52E236131A6EE902008AF234 /* FirstViewController.swift in Sources */ = {isa = PBXBuildFile; fileRef = 52E236121A6EE902008AF234 /* FirstViewController.swift */; };
		52E236151A6EE902008AF234 /* SecondViewController.swift in Sources */ = {isa = PBXBuildFile; fileRef = 52E236141A6EE902008AF234 /* SecondViewController.swift */; };
		52E236181A6EE902008AF234 /* Main.storyboard in Resources */ = {isa = PBXBuildFile; fileRef = 52E236161A6EE902008AF234 /* Main.storyboard */; };
		52E2361A1A6EE902008AF234 /* Images.xcassets in Resources */ = {isa = PBXBuildFile; fileRef = 52E236191A6EE902008AF234 /* Images.xcassets */; };
		52E2361D1A6EE902008AF234 /* LaunchScreen.xib in Resources */ = {isa = PBXBuildFile; fileRef = 52E2361B1A6EE902008AF234 /* LaunchScreen.xib */; };
		52E236291A6EE902008AF234 /* PenpalTests.swift in Sources */ = {isa = PBXBuildFile; fileRef = 52E236281A6EE902008AF234 /* PenpalTests.swift */; };
/* End PBXBuildFile section */

/* Begin PBXContainerItemProxy section */
		52E236231A6EE902008AF234 /* PBXContainerItemProxy */ = {
			isa = PBXContainerItemProxy;
			containerPortal = 52E236031A6EE902008AF234 /* Project object */;
			proxyType = 1;
			remoteGlobalIDString = 52E2360A1A6EE902008AF234;
			remoteInfo = Penpal;
		};
/* End PBXContainerItemProxy section */

/* Begin PBXFileReference section */
		52E2360B1A6EE902008AF234 /* Penpal.app */ = {isa = PBXFileReference; explicitFileType = wrapper.application; includeInIndex = 0; path = Penpal.app; sourceTree = BUILT_PRODUCTS_DIR; };
		52E2360F1A6EE902008AF234 /* Info.plist */ = {isa = PBXFileReference; lastKnownFileType = text.plist.xml; path = Info.plist; sourceTree = "<group>"; };
		52E236101A6EE902008AF234 /* AppDelegate.swift */ = {isa = PBXFileReference; lastKnownFileType = sourcecode.swift; path = AppDelegate.swift; sourceTree = "<group>"; };
		52E236121A6EE902008AF234 /* FirstViewController.swift */ = {isa = PBXFileReference; lastKnownFileType = sourcecode.swift; path = FirstViewController.swift; sourceTree = "<group>"; };
		52E236141A6EE902008AF234 /* SecondViewController.swift */ = {isa = PBXFileReference; lastKnownFileType = sourcecode.swift; path = SecondViewController.swift; sourceTree = "<group>"; };
		52E236171A6EE902008AF234 /* Base */ = {isa = PBXFileReference; lastKnownFileType = file.storyboard; name = Base; path = Base.lproj/Main.storyboard; sourceTree = "<group>"; };
		52E236191A6EE902008AF234 /* Images.xcassets */ = {isa = PBXFileReference; lastKnownFileType = folder.assetcatalog; path = Images.xcassets; sourceTree = "<group>"; };
		52E2361C1A6EE902008AF234 /* Base */ = {isa = PBXFileReference; lastKnownFileType = file.xib; name = Base; path = Base.lproj/LaunchScreen.xib; sourceTree = "<group>"; };
		52E236221A6EE902008AF234 /* PenpalTests.xctest */ = {isa = PBXFileReference; explicitFileType = wrapper.cfbundle; includeInIndex = 0; path = PenpalTests.xctest; sourceTree = BUILT_PRODUCTS_DIR; };
		52E236271A6EE902008AF234 /* Info.plist */ = {isa = PBXFileReference; lastKnownFileType = text.plist.xml; path = Info.plist; sourceTree = "<group>"; };
		52E236281A6EE902008AF234 /* PenpalTests.swift */ = {isa = PBXFileReference; lastKnownFileType = sourcecode.swift; path = PenpalTests.swift; sourceTree = "<group>"; };
/* End PBXFileReference section */

/* Begin PBXFrameworksBuildPhase section */
		52E236081A6EE902008AF234 /* Frameworks */ = {
			isa = PBXFrameworksBuildPhase;
			buildActionMask = 2147483647;
			files = (
			);
			runOnlyForDeploymentPostprocessing = 0;
		};
		52E2361F1A6EE902008AF234 /* Frameworks */ = {
			isa = PBXFrameworksBuildPhase;
			buildActionMask = 2147483647;
			files = (
			);
			runOnlyForDeploymentPostprocessing = 0;
		};
/* End PBXFrameworksBuildPhase section */

/* Begin PBXGroup section */
		52E236021A6EE902008AF234 = {
			isa = PBXGroup;
			children = (
				52E2360D1A6EE902008AF234 /* Penpal */,
				52E236251A6EE902008AF234 /* PenpalTests */,
				52E2360C1A6EE902008AF234 /* Products */,
			);
			sourceTree = "<group>";
		};
		52E2360C1A6EE902008AF234 /* Products */ = {
			isa = PBXGroup;
			children = (
				52E2360B1A6EE902008AF234 /* Penpal.app */,
				52E236221A6EE902008AF234 /* PenpalTests.xctest */,
			);
			name = Products;
			sourceTree = "<group>";
		};
		52E2360D1A6EE902008AF234 /* Penpal */ = {
			isa = PBXGroup;
			children = (
				52E236101A6EE902008AF234 /* AppDelegate.swift */,
				52E236121A6EE902008AF234 /* FirstViewController.swift */,
				52E236141A6EE902008AF234 /* SecondViewController.swift */,
				52E236161A6EE902008AF234 /* Main.storyboard */,
				52E236191A6EE902008AF234 /* Images.xcassets */,
				52E2361B1A6EE902008AF234 /* LaunchScreen.xib */,
				52E2360E1A6EE902008AF234 /* Supporting Files */,
			);
			path = Penpal;
			sourceTree = "<group>";
		};
		52E2360E1A6EE902008AF234 /* Supporting Files */ = {
			isa = PBXGroup;
			children = (
				52E2360F1A6EE902008AF234 /* Info.plist */,
			);
			name = "Supporting Files";
			sourceTree = "<group>";
		};
		52E236251A6EE902008AF234 /* PenpalTests */ = {
			isa = PBXGroup;
			children = (
				52E236281A6EE902008AF234 /* PenpalTests.swift */,
				52E236261A6EE902008AF234 /* Supporting Files */,
			);
			path = PenpalTests;
			sourceTree = "<group>";
		};
		52E236261A6EE902008AF234 /* Supporting Files */ = {
			isa = PBXGroup;
			children = (
				52E236271A6EE902008AF234 /* Info.plist */,
			);
			name = "Supporting Files";
			sourceTree = "<group>";
		};
/* End PBXGroup section */

/* Begin PBXNativeTarget section */
		52E2360A1A6EE902008AF234 /* Penpal */ = {
			isa = PBXNativeTarget;
			buildConfigurationList = 52E2362C1A6EE902008AF234 /* Build configuration list for PBXNativeTarget "Penpal" */;
			buildPhases = (
				52E236071A6EE902008AF234 /* Sources */,
				52E236081A6EE902008AF234 /* Frameworks */,
				52E236091A6EE902008AF234 /* Resources */,
			);
			buildRules = (
			);
			dependencies = (
			);
			name = Penpal;
			productName = Penpal;
			productReference = 52E2360B1A6EE902008AF234 /* Penpal.app */;
			productType = "com.apple.product-type.application";
		};
		52E236211A6EE902008AF234 /* PenpalTests */ = {
			isa = PBXNativeTarget;
			buildConfigurationList = 52E2362F1A6EE902008AF234 /* Build configuration list for PBXNativeTarget "PenpalTests" */;
			buildPhases = (
				52E2361E1A6EE902008AF234 /* Sources */,
				52E2361F1A6EE902008AF234 /* Frameworks */,
				52E236201A6EE902008AF234 /* Resources */,
			);
			buildRules = (
			);
			dependencies = (
				52E236241A6EE902008AF234 /* PBXTargetDependency */,
			);
			name = PenpalTests;
			productName = PenpalTests;
			productReference = 52E236221A6EE902008AF234 /* PenpalTests.xctest */;
			productType = "com.apple.product-type.bundle.unit-test";
		};
/* End PBXNativeTarget section */

/* Begin PBXProject section */
		52E236031A6EE902008AF234 /* Project object */ = {
			isa = PBXProject;
			attributes = {
				LastUpgradeCheck = 0610;
				ORGANIZATIONNAME = "W16 Design Studio";
				TargetAttributes = {
					52E2360A1A6EE902008AF234 = {
						CreatedOnToolsVersion = 6.1.1;
					};
					52E236211A6EE902008AF234 = {
						CreatedOnToolsVersion = 6.1.1;
						TestTargetID = 52E2360A1A6EE902008AF234;
					};
				};
			};
			buildConfigurationList = 52E236061A6EE902008AF234 /* Build configuration list for PBXProject "Penpal" */;
			compatibilityVersion = "Xcode 3.2";
			developmentRegion = English;
			hasScannedForEncodings = 0;
			knownRegions = (
				en,
				Base,
			);
			mainGroup = 52E236021A6EE902008AF234;
			productRefGroup = 52E2360C1A6EE902008AF234 /* Products */;
			projectDirPath = "";
			projectRoot = "";
			targets = (
				52E2360A1A6EE902008AF234 /* Penpal */,
				52E236211A6EE902008AF234 /* PenpalTests */,
			);
		};
/* End PBXProject section */

/* Begin PBXResourcesBuildPhase section */
		52E236091A6EE902008AF234 /* Resources */ = {
			isa = PBXResourcesBuildPhase;
			buildActionMask = 2147483647;
			files = (
				52E236181A6EE902008AF234 /* Main.storyboard in Resources */,
				52E2361D1A6EE902008AF234 /* LaunchScreen.xib in Resources */,
				52E2361A1A6EE902008AF234 /* Images.xcassets in Resources */,
			);
			runOnlyForDeploymentPostprocessing = 0;
		};
		52E236201A6EE902008AF234 /* Resources */ = {
			isa = PBXResourcesBuildPhase;
			buildActionMask = 2147483647;
			files = (
			);
			runOnlyForDeploymentPostprocessing = 0;
		};
/* End PBXResourcesBuildPhase section */

/* Begin PBXSourcesBuildPhase section */
		52E236071A6EE902008AF234 /* Sources */ = {
			isa = PBXSourcesBuildPhase;
			buildActionMask = 2147483647;
			files = (
				52E236151A6EE902008AF234 /* SecondViewController.swift in Sources */,
				52E236111A6EE902008AF234 /* AppDelegate.swift in Sources */,
				52E236131A6EE902008AF234 /* FirstViewController.swift in Sources */,
			);
			runOnlyForDeploymentPostprocessing = 0;
		};
		52E2361E1A6EE902008AF234 /* Sources */ = {
			isa = PBXSourcesBuildPhase;
			buildActionMask = 2147483647;
			files = (
				52E236291A6EE902008AF234 /* PenpalTests.swift in Sources */,
			);
			runOnlyForDeploymentPostprocessing = 0;
		};
/* End PBXSourcesBuildPhase section */

/* Begin PBXTargetDependency section */
		52E236241A6EE902008AF234 /* PBXTargetDependency */ = {
			isa = PBXTargetDependency;
			target = 52E2360A1A6EE902008AF234 /* Penpal */;
			targetProxy = 52E236231A6EE902008AF234 /* PBXContainerItemProxy */;
		};
/* End PBXTargetDependency section */

/* Begin PBXVariantGroup section */
		52E236161A6EE902008AF234 /* Main.storyboard */ = {
			isa = PBXVariantGroup;
			children = (
				52E236171A6EE902008AF234 /* Base */,
			);
			name = Main.storyboard;
			sourceTree = "<group>";
		};
		52E2361B1A6EE902008AF234 /* LaunchScreen.xib */ = {
			isa = PBXVariantGroup;
			children = (
				52E2361C1A6EE902008AF234 /* Base */,
			);
			name = LaunchScreen.xib;
			sourceTree = "<group>";
		};
/* End PBXVariantGroup section */

/* Begin XCBuildConfiguration section */
		52E2362A1A6EE902008AF234 /* Debug */ = {
			isa = XCBuildConfiguration;
			buildSettings = {
				ALWAYS_SEARCH_USER_PATHS = NO;
				CLANG_CXX_LANGUAGE_STANDARD = "gnu++0x";
				CLANG_CXX_LIBRARY = "libc++";
				CLANG_ENABLE_MODULES = YES;
				CLANG_ENABLE_OBJC_ARC = YES;
				CLANG_WARN_BOOL_CONVERSION = YES;
				CLANG_WARN_CONSTANT_CONVERSION = YES;
				CLANG_WARN_DIRECT_OBJC_ISA_USAGE = YES_ERROR;
				CLANG_WARN_EMPTY_BODY = YES;
				CLANG_WARN_ENUM_CONVERSION = YES;
				CLANG_WARN_INT_CONVERSION = YES;
				CLANG_WARN_OBJC_ROOT_CLASS = YES_ERROR;
				CLANG_WARN_UNREACHABLE_CODE = YES;
				CLANG_WARN__DUPLICATE_METHOD_MATCH = YES;
				"CODE_SIGN_IDENTITY[sdk=iphoneos*]" = "iPhone Developer";
				COPY_PHASE_STRIP = NO;
				ENABLE_STRICT_OBJC_MSGSEND = YES;
				GCC_C_LANGUAGE_STANDARD = gnu99;
				GCC_DYNAMIC_NO_PIC = NO;
				GCC_OPTIMIZATION_LEVEL = 0;
				GCC_PREPROCESSOR_DEFINITIONS = (
					"DEBUG=1",
					"$(inherited)",
				);
				GCC_SYMBOLS_PRIVATE_EXTERN = NO;
				GCC_WARN_64_TO_32_BIT_CONVERSION = YES;
				GCC_WARN_ABOUT_RETURN_TYPE = YES_ERROR;
				GCC_WARN_UNDECLARED_SELECTOR = YES;
				GCC_WARN_UNINITIALIZED_AUTOS = YES_AGGRESSIVE;
				GCC_WARN_UNUSED_FUNCTION = YES;
				GCC_WARN_UNUSED_VARIABLE = YES;
				IPHONEOS_DEPLOYMENT_TARGET = 8.1;
				MTL_ENABLE_DEBUG_INFO = YES;
				ONLY_ACTIVE_ARCH = YES;
				SDKROOT = iphoneos;
				SWIFT_OPTIMIZATION_LEVEL = "-Onone";
				TARGETED_DEVICE_FAMILY = "1,2";
			};
			name = Debug;
		};
		52E2362B1A6EE902008AF234 /* Release */ = {
			isa = XCBuildConfiguration;
			buildSettings = {
				ALWAYS_SEARCH_USER_PATHS = NO;
				CLANG_CXX_LANGUAGE_STANDARD = "gnu++0x";
				CLANG_CXX_LIBRARY = "libc++";
				CLANG_ENABLE_MODULES = YES;
				CLANG_ENABLE_OBJC_ARC = YES;
				CLANG_WARN_BOOL_CONVERSION = YES;
				CLANG_WARN_CONSTANT_CONVERSION = YES;
				CLANG_WARN_DIRECT_OBJC_ISA_USAGE = YES_ERROR;
				CLANG_WARN_EMPTY_BODY = YES;
				CLANG_WARN_ENUM_CONVERSION = YES;
				CLANG_WARN_INT_CONVERSION = YES;
				CLANG_WARN_OBJC_ROOT_CLASS = YES_ERROR;
				CLANG_WARN_UNREACHABLE_CODE = YES;
				CLANG_WARN__DUPLICATE_METHOD_MATCH = YES;
				"CODE_SIGN_IDENTITY[sdk=iphoneos*]" = "iPhone Developer";
				COPY_PHASE_STRIP = YES;
				ENABLE_NS_ASSERTIONS = NO;
				ENABLE_STRICT_OBJC_MSGSEND = YES;
				GCC_C_LANGUAGE_STANDARD = gnu99;
				GCC_WARN_64_TO_32_BIT_CONVERSION = YES;
				GCC_WARN_ABOUT_RETURN_TYPE = YES_ERROR;
				GCC_WARN_UNDECLARED_SELECTOR = YES;
				GCC_WARN_UNINITIALIZED_AUTOS = YES_AGGRESSIVE;
				GCC_WARN_UNUSED_FUNCTION = YES;
				GCC_WARN_UNUSED_VARIABLE = YES;
				IPHONEOS_DEPLOYMENT_TARGET = 8.1;
				MTL_ENABLE_DEBUG_INFO = NO;
				SDKROOT = iphoneos;
				TARGETED_DEVICE_FAMILY = "1,2";
				VALIDATE_PRODUCT = YES;
			};
			name = Release;
		};
		52E2362D1A6EE902008AF234 /* Debug */ = {
			isa = XCBuildConfiguration;
			buildSettings = {
				ASSETCATALOG_COMPILER_APPICON_NAME = AppIcon;
				INFOPLIST_FILE = Penpal/Info.plist;
				LD_RUNPATH_SEARCH_PATHS = "$(inherited) @executable_path/Frameworks";
				PRODUCT_NAME = "$(TARGET_NAME)";
			};
			name = Debug;
		};
		52E2362E1A6EE902008AF234 /* Release */ = {
			isa = XCBuildConfiguration;
			buildSettings = {
				ASSETCATALOG_COMPILER_APPICON_NAME = AppIcon;
				INFOPLIST_FILE = Penpal/Info.plist;
				LD_RUNPATH_SEARCH_PATHS = "$(inherited) @executable_path/Frameworks";
				PRODUCT_NAME = "$(TARGET_NAME)";
			};
			name = Release;
		};
		52E236301A6EE902008AF234 /* Debug */ = {
			isa = XCBuildConfiguration;
			buildSettings = {
				BUNDLE_LOADER = "$(TEST_HOST)";
				FRAMEWORK_SEARCH_PATHS = (
					"$(SDKROOT)/Developer/Library/Frameworks",
					"$(inherited)",
				);
				GCC_PREPROCESSOR_DEFINITIONS = (
					"DEBUG=1",
					"$(inherited)",
				);
				INFOPLIST_FILE = PenpalTests/Info.plist;
				LD_RUNPATH_SEARCH_PATHS = "$(inherited) @executable_path/Frameworks @loader_path/Frameworks";
				PRODUCT_NAME = "$(TARGET_NAME)";
				TEST_HOST = "$(BUILT_PRODUCTS_DIR)/Penpal.app/Penpal";
			};
			name = Debug;
		};
		52E236311A6EE902008AF234 /* Release */ = {
			isa = XCBuildConfiguration;
			buildSettings = {
				BUNDLE_LOADER = "$(TEST_HOST)";
				FRAMEWORK_SEARCH_PATHS = (
					"$(SDKROOT)/Developer/Library/Frameworks",
					"$(inherited)",
				);
				INFOPLIST_FILE = PenpalTests/Info.plist;
				LD_RUNPATH_SEARCH_PATHS = "$(inherited) @executable_path/Frameworks @loader_path/Frameworks";
				PRODUCT_NAME = "$(TARGET_NAME)";
				TEST_HOST = "$(BUILT_PRODUCTS_DIR)/Penpal.app/Penpal";
			};
			name = Release;
		};
/* End XCBuildConfiguration section */

/* Begin XCConfigurationList section */
		52E236061A6EE902008AF234 /* Build configuration list for PBXProject "Penpal" */ = {
			isa = XCConfigurationList;
			buildConfigurations = (
				52E2362A1A6EE902008AF234 /* Debug */,
				52E2362B1A6EE902008AF234 /* Release */,
			);
			defaultConfigurationIsVisible = 0;
			defaultConfigurationName = Release;
		};
		52E2362C1A6EE902008AF234 /* Build configuration list for PBXNativeTarget "Penpal" */ = {
			isa = XCConfigurationList;
			buildConfigurations = (
				52E2362D1A6EE902008AF234 /* Debug */,
				52E2362E1A6EE902008AF234 /* Release */,
			);
			defaultConfigurationIsVisible = 0;
		};
		52E2362F1A6EE902008AF234 /* Build configuration list for PBXNativeTarget "PenpalTests" */ = {
			isa = XCConfigurationList;
			buildConfigurations = (
				52E236301A6EE902008AF234 /* Debug */,
				52E236311A6EE902008AF234 /* Release */,
			);
			defaultConfigurationIsVisible = 0;
		};
/* End XCConfigurationList section */
	};
	rootObject = 52E236031A6EE902008AF234 /* Project object */;
}
